
Microsoft Visual Studio Solution File, Format Version 12.00
# Visual Studio 15
VisualStudioVersion = 15.0.27428.2015
MinimumVisualStudioVersion = 10.0.40219.1
Project("{FAE04EC0-301F-11D3-BF4B-00C04F79EFBC}") = "UDP", "UDP\UDP.csproj", "{5581C446-D987-4F6E-93C8-95C12AA198E2}"
EndProject
Project("{FAE04EC0-301F-11D3-BF4B-00C04F79EFBC}") = "TCP", "TCP\TCP.csproj", "{BA13BB5B-D92D-4A97-998F-EFF490062237}"
EndProject
Global
	GlobalSection(SolutionConfigurationPlatforms) = preSolution
		Debug|Any CPU = Debug|Any CPU
		Release|Any CPU = Release|Any CPU
	EndGlobalSection
	GlobalSection(ProjectConfigurationPlatforms) = postSolution
		{5581C446-D987-4F6E-93C8-95C12AA198E2}.Debug|Any CPU.ActiveCfg = Debug|Any CPU
		{5581C446-D987-4F6E-93C8-95C12AA198E2}.Debug|Any CPU.Build.0 = Debug|Any CPU
		{5581C446-D987-4F6E-93C8-95C12AA198E2}.Release|Any CPU.ActiveCfg = Release|Any CPU
		{5581C446-D987-4F6E-93C8-95C12AA198E2}.Release|Any CPU.Build.0 = Release|Any CPU
		{BA13BB5B-D92D-4A97-998F-EFF490062237}.Debug|Any CPU.ActiveCfg = Debug|Any CPU
		{BA13BB5B-D92D-4A97-998F-EFF490062237}.Debug|Any CPU.Build.0 = Debug|Any CPU
		{BA13BB5B-D92D-4A97-998F-EFF490062237}.Release|Any CPU.ActiveCfg = Release|Any CPU
		{BA13BB5B-D92D-4A97-998F-EFF490062237}.Release|Any CPU.Build.0 = Release|Any CPU
	EndGlobalSection
	GlobalSection(SolutionProperties) = preSolution
		HideSolutionNode = FALSE
	EndGlobalSection
	GlobalSection(ExtensibilityGlobals) = postSolution
		SolutionGuid = {BB6FEE89-9D87-47BF-973D-E125EBB8B7D7}
	EndGlobalSection
EndGlobal
